// !$*UTF8*$!
{
	archiveVersion = 1;
	classes = {
	};
	objectVersion = 46;
	objects = {

/* Begin PBXBuildFile section */
		2776F3FE1F1E9E2C00D2B46F /* AppDelegate.swift in Sources */ = {isa = PBXBuildFile; fileRef = 2776F3FD1F1E9E2C00D2B46F /* AppDelegate.swift */; };
		2776F4001F1E9E2C00D2B46F /* GameScene.sks in Resources */ = {isa = PBXBuildFile; fileRef = 2776F3FF1F1E9E2C00D2B46F /* GameScene.sks */; };
		2776F4021F1E9E2C00D2B46F /* Actions.sks in Resources */ = {isa = PBXBuildFile; fileRef = 2776F4011F1E9E2C00D2B46F /* Actions.sks */; };
		2776F4041F1E9E2C00D2B46F /* GameScene.swift in Sources */ = {isa = PBXBuildFile; fileRef = 2776F4031F1E9E2C00D2B46F /* GameScene.swift */; };
		2776F4061F1E9E2C00D2B46F /* GameViewController.swift in Sources */ = {isa = PBXBuildFile; fileRef = 2776F4051F1E9E2C00D2B46F /* GameViewController.swift */; };
		2776F4091F1E9E2C00D2B46F /* Main.storyboard in Resources */ = {isa = PBXBuildFile; fileRef = 2776F4071F1E9E2C00D2B46F /* Main.storyboard */; };
		2776F40E1F1E9E2C00D2B46F /* LaunchScreen.storyboard in Resources */ = {isa = PBXBuildFile; fileRef = 2776F40C1F1E9E2C00D2B46F /* LaunchScreen.storyboard */; };
		2776F4161F1E9EB800D2B46F /* Helper.swift in Sources */ = {isa = PBXBuildFile; fileRef = 2776F4151F1E9EB800D2B46F /* Helper.swift */; };
		2776F42F1F1EA01C00D2B46F /* BuildingNode.swift in Sources */ = {isa = PBXBuildFile; fileRef = 2776F42E1F1EA01C00D2B46F /* BuildingNode.swift */; };
		27B4D8FF1F29280400848069 /* Assets.atlas in Resources */ = {isa = PBXBuildFile; fileRef = 27B4D8FE1F29280400848069 /* Assets.atlas */; };
		27B4D9061F2928B500848069 /* hitBuilding.sks in Resources */ = {isa = PBXBuildFile; fileRef = 27B4D9041F2928B500848069 /* hitBuilding.sks */; };
		27B4D9071F2928B500848069 /* hitPlayer.sks in Resources */ = {isa = PBXBuildFile; fileRef = 27B4D9051F2928B500848069 /* hitPlayer.sks */; };
/* End PBXBuildFile section */

/* Begin PBXFileReference section */
		2776F3FA1F1E9E2C00D2B46F /* Project29.app */ = {isa = PBXFileReference; explicitFileType = wrapper.application; includeInIndex = 0; path = Project29.app; sourceTree = BUILT_PRODUCTS_DIR; };
		2776F3FD1F1E9E2C00D2B46F /* AppDelegate.swift */ = {isa = PBXFileReference; lastKnownFileType = sourcecode.swift; path = AppDelegate.swift; sourceTree = "<group>"; };
		2776F3FF1F1E9E2C00D2B46F /* GameScene.sks */ = {isa = PBXFileReference; lastKnownFileType = file.sks; path = GameScene.sks; sourceTree = "<group>"; };
		2776F4011F1E9E2C00D2B46F /* Actions.sks */ = {isa = PBXFileReference; lastKnownFileType = file.sks; path = Actions.sks; sourceTree = "<group>"; };
		2776F4031F1E9E2C00D2B46F /* GameScene.swift */ = {isa = PBXFileReference; lastKnownFileType = sourcecode.swift; path = GameScene.swift; sourceTree = "<group>"; };
		2776F4051F1E9E2C00D2B46F /* GameViewController.swift */ = {isa = PBXFileReference; lastKnownFileType = sourcecode.swift; path = GameViewController.swift; sourceTree = "<group>"; };
		2776F4081F1E9E2C00D2B46F /* Base */ = {isa = PBXFileReference; lastKnownFileType = file.storyboard; name = Base; path = Base.lproj/Main.storyboard; sourceTree = "<group>"; };
		2776F40D1F1E9E2C00D2B46F /* Base */ = {isa = PBXFileReference; lastKnownFileType = file.storyboard; name = Base; path = Base.lproj/LaunchScreen.storyboard; sourceTree = "<group>"; };
		2776F40F1F1E9E2C00D2B46F /* Info.plist */ = {isa = PBXFileReference; lastKnownFileType = text.plist.xml; path = Info.plist; sourceTree = "<group>"; };
		2776F4151F1E9EB800D2B46F /* Helper.swift */ = {isa = PBXFileReference; fileEncoding = 4; lastKnownFileType = sourcecode.swift; path = Helper.swift; sourceTree = "<group>"; };
		2776F42E1F1EA01C00D2B46F /* BuildingNode.swift */ = {isa = PBXFileReference; fileEncoding = 4; lastKnownFileType = sourcecode.swift; path = BuildingNode.swift; sourceTree = "<group>"; };
		27B4D8FE1F29280400848069 /* Assets.atlas */ = {isa = PBXFileReference; lastKnownFileType = folder.skatlas; path = Assets.atlas; sourceTree = "<group>"; };
		27B4D9041F2928B500848069 /* hitBuilding.sks */ = {isa = PBXFileReference; lastKnownFileType = file.sks; path = hitBuilding.sks; sourceTree = "<group>"; };
		27B4D9051F2928B500848069 /* hitPlayer.sks */ = {isa = PBXFileReference; lastKnownFileType = file.sks; path = hitPlayer.sks; sourceTree = "<group>"; };
/* End PBXFileReference section */

/* Begin PBXFrameworksBuildPhase section */
		2776F3F71F1E9E2C00D2B46F /* Frameworks */ = {
			isa = PBXFrameworksBuildPhase;
			buildActionMask = 2147483647;
			files = (
			);
			runOnlyForDeploymentPostprocessing = 0;
		};
/* End PBXFrameworksBuildPhase section */

/* Begin PBXGroup section */
		2776F3F11F1E9E2C00D2B46F = {
			isa = PBXGroup;
			children = (
				2776F3FC1F1E9E2C00D2B46F /* Project29 */,
				2776F3FB1F1E9E2C00D2B46F /* Products */,
			);
			sourceTree = "<group>";
		};
		2776F3FB1F1E9E2C00D2B46F /* Products */ = {
			isa = PBXGroup;
			children = (
				2776F3FA1F1E9E2C00D2B46F /* Project29.app */,
			);
			name = Products;
			sourceTree = "<group>";
		};
		2776F3FC1F1E9E2C00D2B46F /* Project29 */ = {
			isa = PBXGroup;
			children = (
				2776F3FD1F1E9E2C00D2B46F /* AppDelegate.swift */,
				2776F3FF1F1E9E2C00D2B46F /* GameScene.sks */,
				2776F4011F1E9E2C00D2B46F /* Actions.sks */,
				2776F4031F1E9E2C00D2B46F /* GameScene.swift */,
				2776F4051F1E9E2C00D2B46F /* GameViewController.swift */,
				2776F4071F1E9E2C00D2B46F /* Main.storyboard */,
				2776F42E1F1EA01C00D2B46F /* BuildingNode.swift */,
				2776F40C1F1E9E2C00D2B46F /* LaunchScreen.storyboard */,
				27B4D9041F2928B500848069 /* hitBuilding.sks */,
				27B4D9051F2928B500848069 /* hitPlayer.sks */,
				2776F4151F1E9EB800D2B46F /* Helper.swift */,
				2776F40F1F1E9E2C00D2B46F /* Info.plist */,
				27B4D8FE1F29280400848069 /* Assets.atlas */,
			);
			path = Project29;
			sourceTree = "<group>";
		};
/* End PBXGroup section */

/* Begin PBXNativeTarget section */
		2776F3F91F1E9E2C00D2B46F /* Project29 */ = {
			isa = PBXNativeTarget;
			buildConfigurationList = 2776F4121F1E9E2C00D2B46F /* Build configuration list for PBXNativeTarget "Project29" */;
			buildPhases = (
				2776F3F61F1E9E2C00D2B46F /* Sources */,
				2776F3F71F1E9E2C00D2B46F /* Frameworks */,
				2776F3F81F1E9E2C00D2B46F /* Resources */,
			);
			buildRules = (
			);
			dependencies = (
			);
			name = Project29;
			productName = Project29;
			productReference = 2776F3FA1F1E9E2C00D2B46F /* Project29.app */;
			productType = "com.apple.product-type.application";
		};
/* End PBXNativeTarget section */

/* Begin PBXProject section */
		2776F3F21F1E9E2C00D2B46F /* Project object */ = {
			isa = PBXProject;
			attributes = {
				LastSwiftUpdateCheck = 0830;
				LastUpgradeCheck = 0830;
				ORGANIZATIONNAME = "Chappy-App";
				TargetAttributes = {
					2776F3F91F1E9E2C00D2B46F = {
						CreatedOnToolsVersion = 8.3.3;
						DevelopmentTeam = 4WU9L65MXB;
						ProvisioningStyle = Automatic;
					};
				};
			};
			buildConfigurationList = 2776F3F51F1E9E2C00D2B46F /* Build configuration list for PBXProject "Project29" */;
			compatibilityVersion = "Xcode 3.2";
			developmentRegion = English;
			hasScannedForEncodings = 0;
			knownRegions = (
				en,
				Base,
			);
			mainGroup = 2776F3F11F1E9E2C00D2B46F;
			productRefGroup = 2776F3FB1F1E9E2C00D2B46F /* Products */;
			projectDirPath = "";
			projectRoot = "";
			targets = (
				2776F3F91F1E9E2C00D2B46F /* Project29 */,
			);
		};
/* End PBXProject section */

/* Begin PBXResourcesBuildPhase section */
		2776F3F81F1E9E2C00D2B46F /* Resources */ = {
			isa = PBXResourcesBuildPhase;
			buildActionMask = 2147483647;
			files = (
				27B4D9071F2928B500848069 /* hitPlayer.sks in Resources */,
				2776F4091F1E9E2C00D2B46F /* Main.storyboard in Resources */,
				2776F4001F1E9E2C00D2B46F /* GameScene.sks in Resources */,
				27B4D8FF1F29280400848069 /* Assets.atlas in Resources */,
				2776F40E1F1E9E2C00D2B46F /* LaunchScreen.storyboard in Resources */,
				2776F4021F1E9E2C00D2B46F /* Actions.sks in Resources */,
				27B4D9061F2928B500848069 /* hitBuilding.sks in Resources */,
			);
			runOnlyForDeploymentPostprocessing = 0;
		};
/* End PBXResourcesBuildPhase section */

/* Begin PBXSourcesBuildPhase section */
		2776F3F61F1E9E2C00D2B46F /* Sources */ = {
			isa = PBXSourcesBuildPhase;
			buildActionMask = 2147483647;
			files = (
				2776F4041F1E9E2C00D2B46F /* GameScene.swift in Sources */,
				2776F42F1F1EA01C00D2B46F /* BuildingNode.swift in Sources */,
				2776F4061F1E9E2C00D2B46F /* GameViewController.swift in Sources */,
				2776F3FE1F1E9E2C00D2B46F /* AppDelegate.swift in Sources */,
				2776F4161F1E9EB800D2B46F /* Helper.swift in Sources */,
			);
			runOnlyForDeploymentPostprocessing = 0;
		};
/* End PBXSourcesBuildPhase section */

/* Begin PBXVariantGroup section */
		2776F4071F1E9E2C00D2B46F /* Main.storyboard */ = {
			isa = PBXVariantGroup;
			children = (
				2776F4081F1E9E2C00D2B46F /* Base */,
			);
			name = Main.storyboard;
			sourceTree = "<group>";
		};
		2776F40C1F1E9E2C00D2B46F /* LaunchScreen.storyboard */ = {
			isa = PBXVariantGroup;
			children = (
				2776F40D1F1E9E2C00D2B46F /* Base */,
			);
			name = LaunchScreen.storyboard;
			sourceTree = "<group>";
		};
/* End PBXVariantGroup section */

/* Begin XCBuildConfiguration section */
		2776F4101F1E9E2C00D2B46F /* Debug */ = {
			isa = XCBuildConfiguration;
			buildSettings = {
				ALWAYS_SEARCH_USER_PATHS = NO;
				CLANG_ANALYZER_NONNULL = YES;
				CLANG_ANALYZER_NUMBER_OBJECT_CONVERSION = YES_AGGRESSIVE;
				CLANG_CXX_LANGUAGE_STANDARD = "gnu++0x";
				CLANG_CXX_LIBRARY = "libc++";
				CLANG_ENABLE_MODULES = YES;
				CLANG_ENABLE_OBJC_ARC = YES;
				CLANG_WARN_BOOL_CONVERSION = YES;
				CLANG_WARN_CONSTANT_CONVERSION = YES;
				CLANG_WARN_DIRECT_OBJC_ISA_USAGE = YES_ERROR;
				CLANG_WARN_DOCUMENTATION_COMMENTS = YES;
				CLANG_WARN_EMPTY_BODY = YES;
				CLANG_WARN_ENUM_CONVERSION = YES;
				CLANG_WARN_INFINITE_RECURSION = YES;
				CLANG_WARN_INT_CONVERSION = YES;
				CLANG_WARN_OBJC_ROOT_CLASS = YES_ERROR;
				CLANG_WARN_SUSPICIOUS_MOVE = YES;
				CLANG_WARN_UNREACHABLE_CODE = YES;
				CLANG_WARN__DUPLICATE_METHOD_MATCH = YES;
				"CODE_SIGN_IDENTITY[sdk=iphoneos*]" = "iPhone Developer";
				COPY_PHASE_STRIP = NO;
				DEBUG_INFORMATION_FORMAT = dwarf;
				ENABLE_STRICT_OBJC_MSGSEND = YES;
				ENABLE_TESTABILITY = YES;
				GCC_C_LANGUAGE_STANDARD = gnu99;
				GCC_DYNAMIC_NO_PIC = NO;
				GCC_NO_COMMON_BLOCKS = YES;
				GCC_OPTIMIZATION_LEVEL = 0;
				GCC_PREPROCESSOR_DEFINITIONS = (
					"DEBUG=1",
					"$(inherited)",
				);
				GCC_WARN_64_TO_32_BIT_CONVERSION = YES;
				GCC_WARN_ABOUT_RETURN_TYPE = YES_ERROR;
				GCC_WARN_UNDECLARED_SELECTOR = YES;
				GCC_WARN_UNINITIALIZED_AUTOS = YES_AGGRESSIVE;
				GCC_WARN_UNUSED_FUNCTION = YES;
				GCC_WARN_UNUSED_VARIABLE = YES;
				IPHONEOS_DEPLOYMENT_TARGET = 10.3;
				MTL_ENABLE_DEBUG_INFO = YES;
				ONLY_ACTIVE_ARCH = YES;
				SDKROOT = iphoneos;
				SWIFT_ACTIVE_COMPILATION_CONDITIONS = DEBUG;
				SWIFT_OPTIMIZATION_LEVEL = "-Onone";
				TARGETED_DEVICE_FAMILY = 2;
			};
			name = Debug;
		};
		2776F4111F1E9E2C00D2B46F /* Release */ = {
			isa = XCBuildConfiguration;
			buildSettings = {
				ALWAYS_SEARCH_USER_PATHS = NO;
				CLANG_ANALYZER_NONNULL = YES;
				CLANG_ANALYZER_NUMBER_OBJECT_CONVERSION = YES_AGGRESSIVE;
				CLANG_CXX_LANGUAGE_STANDARD = "gnu++0x";
				CLANG_CXX_LIBRARY = "libc++";
				CLANG_ENABLE_MODULES = YES;
				CLANG_ENABLE_OBJC_ARC = YES;
				CLANG_WARN_BOOL_CONVERSION = YES;
				CLANG_WARN_CONSTANT_CONVERSION = YES;
				CLANG_WARN_DIRECT_OBJC_ISA_USAGE = YES_ERROR;
				CLANG_WARN_DOCUMENTATION_COMMENTS = YES;
				CLANG_WARN_EMPTY_BODY = YES;
				CLANG_WARN_ENUM_CONVERSION = YES;
				CLANG_WARN_INFINITE_RECURSION = YES;
				CLANG_WARN_INT_CONVERSION = YES;
				CLANG_WARN_OBJC_ROOT_CLASS = YES_ERROR;
				CLANG_WARN_SUSPICIOUS_MOVE = YES;
				CLANG_WARN_UNREACHABLE_CODE = YES;
				CLANG_WARN__DUPLICATE_METHOD_MATCH = YES;
				"CODE_SIGN_IDENTITY[sdk=iphoneos*]" = "iPhone Developer";
				COPY_PHASE_STRIP = NO;
				DEBUG_INFORMATION_FORMAT = "dwarf-with-dsym";
				ENABLE_NS_ASSERTIONS = NO;
				ENABLE_STRICT_OBJC_MSGSEND = YES;
				GCC_C_LANGUAGE_STANDARD = gnu99;
				GCC_NO_COMMON_BLOCKS = YES;
				GCC_WARN_64_TO_32_BIT_CONVERSION = YES;
				GCC_WARN_ABOUT_RETURN_TYPE = YES_ERROR;
				GCC_WARN_UNDECLARED_SELECTOR = YES;
				GCC_WARN_UNINITIALIZED_AUTOS = YES_AGGRESSIVE;
				GCC_WARN_UNUSED_FUNCTION = YES;
				GCC_WARN_UNUSED_VARIABLE = YES;
				IPHONEOS_DEPLOYMENT_TARGET = 10.3;
				MTL_ENABLE_DEBUG_INFO = NO;
				SDKROOT = iphoneos;
				SWIFT_OPTIMIZATION_LEVEL = "-Owholemodule";
				TARGETED_DEVICE_FAMILY = 2;
				VALIDATE_PRODUCT = YES;
			};
			name = Release;
		};
		2776F4131F1E9E2C00D2B46F /* Debug */ = {
			isa = XCBuildConfiguration;
			buildSettings = {
				ASSETCATALOG_COMPILER_APPICON_NAME = AppIcon;
				DEVELOPMENT_TEAM = 4WU9L65MXB;
				INFOPLIST_FILE = Project29/Info.plist;
				IPHONEOS_DEPLOYMENT_TARGET = 10.3;
				LD_RUNPATH_SEARCH_PATHS = "$(inherited) @executable_path/Frameworks";
				PRODUCT_BUNDLE_IDENTIFIER = "com.Chappy-App.Project29";
				PRODUCT_NAME = "$(TARGET_NAME)";
				SWIFT_VERSION = 3.0;
			};
			name = Debug;
		};
		2776F4141F1E9E2C00D2B46F /* Release */ = {
			isa = XCBuildConfiguration;
			buildSettings = {
				ASSETCATALOG_COMPILER_APPICON_NAME = AppIcon;
				DEVELOPMENT_TEAM = 4WU9L65MXB;
				INFOPLIST_FILE = Project29/Info.plist;
				IPHONEOS_DEPLOYMENT_TARGET = 10.3;
				LD_RUNPATH_SEARCH_PATHS = "$(inherited) @executable_path/Frameworks";
				PRODUCT_BUNDLE_IDENTIFIER = "com.Chappy-App.Project29";
				PRODUCT_NAME = "$(TARGET_NAME)";
				SWIFT_VERSION = 3.0;
			};
			name = Release;
		};
/* End XCBuildConfiguration section */

/* Begin XCConfigurationList section */
		2776F3F51F1E9E2C00D2B46F /* Build configuration list for PBXProject "Project29" */ = {
			isa = XCConfigurationList;
			buildConfigurations = (
				2776F4101F1E9E2C00D2B46F /* Debug */,
				2776F4111F1E9E2C00D2B46F /* Release */,
			);
			defaultConfigurationIsVisible = 0;
			defaultConfigurationName = Release;
		};
		2776F4121F1E9E2C00D2B46F /* Build configuration list for PBXNativeTarget "Project29" */ = {
			isa = XCConfigurationList;
			buildConfigurations = (
				2776F4131F1E9E2C00D2B46F /* Debug */,
				2776F4141F1E9E2C00D2B46F /* Release */,
			);
			defaultConfigurationIsVisible = 0;
			defaultConfigurationName = Release;
		};
/* End XCConfigurationList section */
	};
	rootObject = 2776F3F21F1E9E2C00D2B46F /* Project object */;
}
